// !$*UTF8*$!
{
	archiveVersion = 1;
	classes = {
	};
	objectVersion = 51;
	objects = {

/* Begin PBXBuildFile section */
		276E5B3FCAE6828F1F2684C7 /* Pods_proj_DOD_proj_DODUITests.framework in Frameworks */ = {isa = PBXBuildFile; fileRef = 8C7A7AC9DDFE60DFBCDBD074 /* Pods_proj_DOD_proj_DODUITests.framework */; };
		34D33518185655117E9448A4 /* Pods_proj_DOD.framework in Frameworks */ = {isa = PBXBuildFile; fileRef = 4E58CFB7A3CE5213EF03FCAA /* Pods_proj_DOD.framework */; };
		6103580CEE31D02E23EE2D03 /* Pods_proj_DODTests.framework in Frameworks */ = {isa = PBXBuildFile; fileRef = B89DEF899C75085CC9CBBADF /* Pods_proj_DODTests.framework */; };
		936C7238261B5D07006870CE /* AppDelegate.swift in Sources */ = {isa = PBXBuildFile; fileRef = 936C7237261B5D07006870CE /* AppDelegate.swift */; };
		936C723A261B5D07006870CE /* SceneDelegate.swift in Sources */ = {isa = PBXBuildFile; fileRef = 936C7239261B5D07006870CE /* SceneDelegate.swift */; };
		936C723C261B5D07006870CE /* ViewController.swift in Sources */ = {isa = PBXBuildFile; fileRef = 936C723B261B5D07006870CE /* ViewController.swift */; };
		936C723F261B5D07006870CE /* Main.storyboard in Resources */ = {isa = PBXBuildFile; fileRef = 936C723D261B5D07006870CE /* Main.storyboard */; };
		936C7241261B5D08006870CE /* Assets.xcassets in Resources */ = {isa = PBXBuildFile; fileRef = 936C7240261B5D08006870CE /* Assets.xcassets */; };
		936C7244261B5D08006870CE /* LaunchScreen.storyboard in Resources */ = {isa = PBXBuildFile; fileRef = 936C7242261B5D08006870CE /* LaunchScreen.storyboard */; };
		936C724F261B5D08006870CE /* proj_DODTests.swift in Sources */ = {isa = PBXBuildFile; fileRef = 936C724E261B5D08006870CE /* proj_DODTests.swift */; };
		936C725A261B5D08006870CE /* proj_DODUITests.swift in Sources */ = {isa = PBXBuildFile; fileRef = 936C7259261B5D08006870CE /* proj_DODUITests.swift */; };
		936C7276261B5EB2006870CE /* Model.swift in Sources */ = {isa = PBXBuildFile; fileRef = 936C7275261B5EB2006870CE /* Model.swift */; };
		936C727B261B5EC0006870CE /* ViewModel.swift in Sources */ = {isa = PBXBuildFile; fileRef = 936C727A261B5EC0006870CE /* ViewModel.swift */; };
		936C7280261B5ED1006870CE /* APIManager.swift in Sources */ = {isa = PBXBuildFile; fileRef = 936C727F261B5ED1006870CE /* APIManager.swift */; };
		A244E8AC262DC80800E76562 /* ViewModelType.swift in Sources */ = {isa = PBXBuildFile; fileRef = A244E8AB262DC80800E76562 /* ViewModelType.swift */; };
		A244E8B1262DC84B00E76562 /* LoginViewModel.swift in Sources */ = {isa = PBXBuildFile; fileRef = A244E8B0262DC84B00E76562 /* LoginViewModel.swift */; };
		A29611662622CA7F003D9622 /* UIView+Extensions.swift in Sources */ = {isa = PBXBuildFile; fileRef = A29611652622CA7F003D9622 /* UIView+Extensions.swift */; };
		A296116B2622CAA8003D9622 /* UIViewController+Extensions.swift in Sources */ = {isa = PBXBuildFile; fileRef = A296116A2622CAA8003D9622 /* UIViewController+Extensions.swift */; };
		A29611702622CB02003D9622 /* UITextField+Extensions.swift in Sources */ = {isa = PBXBuildFile; fileRef = A296116F2622CB02003D9622 /* UITextField+Extensions.swift */; };
		A29611752622CB35003D9622 /* UIFont+Extensions.swift in Sources */ = {isa = PBXBuildFile; fileRef = A29611742622CB35003D9622 /* UIFont+Extensions.swift */; };
		A2B47BEA2625E2FD002CFE4D /* Config.swift in Sources */ = {isa = PBXBuildFile; fileRef = A2B47BE92625E2FD002CFE4D /* Config.swift */; };
		A2B47BF22625E322002CFE4D /* HttpMethod.swift in Sources */ = {isa = PBXBuildFile; fileRef = A2B47BF12625E322002CFE4D /* HttpMethod.swift */; };
		A2B47BF72625EBB3002CFE4D /* Resource.swift in Sources */ = {isa = PBXBuildFile; fileRef = A2B47BF62625EBB3002CFE4D /* Resource.swift */; };
		A2B47BFC2625EEC5002CFE4D /* URLSession+Extension.swift in Sources */ = {isa = PBXBuildFile; fileRef = A2B47BFB2625EEC5002CFE4D /* URLSession+Extension.swift */; };
		A2B47C012625EFCE002CFE4D /* NetworkResult.swift in Sources */ = {isa = PBXBuildFile; fileRef = A2B47C002625EFCE002CFE4D /* NetworkResult.swift */; };
		A2BFFB20262C988400449D39 /* LoginViewController.swift in Sources */ = {isa = PBXBuildFile; fileRef = A2BFFB1F262C988400449D39 /* LoginViewController.swift */; };
		A2D640AB2634637500AF02DA /* Color.xcassets in Resources */ = {isa = PBXBuildFile; fileRef = A2D640AA2634637500AF02DA /* Color.xcassets */; };
		A2D640B02634665D00AF02DA /* UIColor+Extensions.swift in Sources */ = {isa = PBXBuildFile; fileRef = A2D640AF2634665D00AF02DA /* UIColor+Extensions.swift */; };
		A2D640B52634743500AF02DA /* String+Extensions.swift in Sources */ = {isa = PBXBuildFile; fileRef = A2D640B42634743500AF02DA /* String+Extensions.swift */; };
/* End PBXBuildFile section */

/* Begin PBXContainerItemProxy section */
		936C724B261B5D08006870CE /* PBXContainerItemProxy */ = {
			isa = PBXContainerItemProxy;
			containerPortal = 936C722C261B5D07006870CE /* Project object */;
			proxyType = 1;
			remoteGlobalIDString = 936C7233261B5D07006870CE;
			remoteInfo = proj_DOD;
		};
		936C7256261B5D08006870CE /* PBXContainerItemProxy */ = {
			isa = PBXContainerItemProxy;
			containerPortal = 936C722C261B5D07006870CE /* Project object */;
			proxyType = 1;
			remoteGlobalIDString = 936C7233261B5D07006870CE;
			remoteInfo = proj_DOD;
		};
/* End PBXContainerItemProxy section */

/* Begin PBXFileReference section */
		11D2E5FFC429BB9EAE5D3DD4 /* Pods-proj_DOD.debug.xcconfig */ = {isa = PBXFileReference; includeInIndex = 1; lastKnownFileType = text.xcconfig; name = "Pods-proj_DOD.debug.xcconfig"; path = "Target Support Files/Pods-proj_DOD/Pods-proj_DOD.debug.xcconfig"; sourceTree = "<group>"; };
		4E58CFB7A3CE5213EF03FCAA /* Pods_proj_DOD.framework */ = {isa = PBXFileReference; explicitFileType = wrapper.framework; includeInIndex = 0; path = Pods_proj_DOD.framework; sourceTree = BUILT_PRODUCTS_DIR; };
		8C7A7AC9DDFE60DFBCDBD074 /* Pods_proj_DOD_proj_DODUITests.framework */ = {isa = PBXFileReference; explicitFileType = wrapper.framework; includeInIndex = 0; path = Pods_proj_DOD_proj_DODUITests.framework; sourceTree = BUILT_PRODUCTS_DIR; };
		936C7234261B5D07006870CE /* proj_DOD.app */ = {isa = PBXFileReference; explicitFileType = wrapper.application; includeInIndex = 0; path = proj_DOD.app; sourceTree = BUILT_PRODUCTS_DIR; };
		936C7237261B5D07006870CE /* AppDelegate.swift */ = {isa = PBXFileReference; lastKnownFileType = sourcecode.swift; path = AppDelegate.swift; sourceTree = "<group>"; };
		936C7239261B5D07006870CE /* SceneDelegate.swift */ = {isa = PBXFileReference; lastKnownFileType = sourcecode.swift; path = SceneDelegate.swift; sourceTree = "<group>"; };
		936C723B261B5D07006870CE /* ViewController.swift */ = {isa = PBXFileReference; lastKnownFileType = sourcecode.swift; path = ViewController.swift; sourceTree = "<group>"; };
		936C723E261B5D07006870CE /* Base */ = {isa = PBXFileReference; lastKnownFileType = file.storyboard; name = Base; path = Base.lproj/Main.storyboard; sourceTree = "<group>"; };
		936C7240261B5D08006870CE /* Assets.xcassets */ = {isa = PBXFileReference; lastKnownFileType = folder.assetcatalog; path = Assets.xcassets; sourceTree = "<group>"; };
		936C7243261B5D08006870CE /* Base */ = {isa = PBXFileReference; lastKnownFileType = file.storyboard; name = Base; path = Base.lproj/LaunchScreen.storyboard; sourceTree = "<group>"; };
		936C7245261B5D08006870CE /* Info.plist */ = {isa = PBXFileReference; lastKnownFileType = text.plist.xml; path = Info.plist; sourceTree = "<group>"; };
		936C724A261B5D08006870CE /* proj_DODTests.xctest */ = {isa = PBXFileReference; explicitFileType = wrapper.cfbundle; includeInIndex = 0; path = proj_DODTests.xctest; sourceTree = BUILT_PRODUCTS_DIR; };
		936C724E261B5D08006870CE /* proj_DODTests.swift */ = {isa = PBXFileReference; lastKnownFileType = sourcecode.swift; path = proj_DODTests.swift; sourceTree = "<group>"; };
		936C7250261B5D08006870CE /* Info.plist */ = {isa = PBXFileReference; lastKnownFileType = text.plist.xml; path = Info.plist; sourceTree = "<group>"; };
		936C7255261B5D08006870CE /* proj_DODUITests.xctest */ = {isa = PBXFileReference; explicitFileType = wrapper.cfbundle; includeInIndex = 0; path = proj_DODUITests.xctest; sourceTree = BUILT_PRODUCTS_DIR; };
		936C7259261B5D08006870CE /* proj_DODUITests.swift */ = {isa = PBXFileReference; lastKnownFileType = sourcecode.swift; path = proj_DODUITests.swift; sourceTree = "<group>"; };
		936C725B261B5D08006870CE /* Info.plist */ = {isa = PBXFileReference; lastKnownFileType = text.plist.xml; path = Info.plist; sourceTree = "<group>"; };
		936C7275261B5EB2006870CE /* Model.swift */ = {isa = PBXFileReference; lastKnownFileType = sourcecode.swift; path = Model.swift; sourceTree = "<group>"; };
		936C727A261B5EC0006870CE /* ViewModel.swift */ = {isa = PBXFileReference; lastKnownFileType = sourcecode.swift; path = ViewModel.swift; sourceTree = "<group>"; };
		936C727F261B5ED1006870CE /* APIManager.swift */ = {isa = PBXFileReference; lastKnownFileType = sourcecode.swift; path = APIManager.swift; sourceTree = "<group>"; };
		93C3A787C4DCE393CE89BBC6 /* Pods-proj_DOD.release.xcconfig */ = {isa = PBXFileReference; includeInIndex = 1; lastKnownFileType = text.xcconfig; name = "Pods-proj_DOD.release.xcconfig"; path = "Target Support Files/Pods-proj_DOD/Pods-proj_DOD.release.xcconfig"; sourceTree = "<group>"; };
		A244E8AB262DC80800E76562 /* ViewModelType.swift */ = {isa = PBXFileReference; lastKnownFileType = sourcecode.swift; path = ViewModelType.swift; sourceTree = "<group>"; };
		A244E8B0262DC84B00E76562 /* LoginViewModel.swift */ = {isa = PBXFileReference; lastKnownFileType = sourcecode.swift; path = LoginViewModel.swift; sourceTree = "<group>"; };
		A29611652622CA7F003D9622 /* UIView+Extensions.swift */ = {isa = PBXFileReference; lastKnownFileType = sourcecode.swift; path = "UIView+Extensions.swift"; sourceTree = "<group>"; };
		A296116A2622CAA8003D9622 /* UIViewController+Extensions.swift */ = {isa = PBXFileReference; lastKnownFileType = sourcecode.swift; path = "UIViewController+Extensions.swift"; sourceTree = "<group>"; };
		A296116F2622CB02003D9622 /* UITextField+Extensions.swift */ = {isa = PBXFileReference; lastKnownFileType = sourcecode.swift; path = "UITextField+Extensions.swift"; sourceTree = "<group>"; };
		A29611742622CB35003D9622 /* UIFont+Extensions.swift */ = {isa = PBXFileReference; lastKnownFileType = sourcecode.swift; path = "UIFont+Extensions.swift"; sourceTree = "<group>"; };
		A2B47BE92625E2FD002CFE4D /* Config.swift */ = {isa = PBXFileReference; lastKnownFileType = sourcecode.swift; path = Config.swift; sourceTree = "<group>"; };
		A2B47BF12625E322002CFE4D /* HttpMethod.swift */ = {isa = PBXFileReference; lastKnownFileType = sourcecode.swift; path = HttpMethod.swift; sourceTree = "<group>"; };
		A2B47BF62625EBB3002CFE4D /* Resource.swift */ = {isa = PBXFileReference; lastKnownFileType = sourcecode.swift; path = Resource.swift; sourceTree = "<group>"; };
		A2B47BFB2625EEC5002CFE4D /* URLSession+Extension.swift */ = {isa = PBXFileReference; lastKnownFileType = sourcecode.swift; path = "URLSession+Extension.swift"; sourceTree = "<group>"; };
		A2B47C002625EFCE002CFE4D /* NetworkResult.swift */ = {isa = PBXFileReference; lastKnownFileType = sourcecode.swift; path = NetworkResult.swift; sourceTree = "<group>"; };
		A2BFFB1F262C988400449D39 /* LoginViewController.swift */ = {isa = PBXFileReference; lastKnownFileType = sourcecode.swift; path = LoginViewController.swift; sourceTree = "<group>"; };
		A2D640AA2634637500AF02DA /* Color.xcassets */ = {isa = PBXFileReference; lastKnownFileType = folder.assetcatalog; path = Color.xcassets; sourceTree = "<group>"; };
		A2D640AF2634665D00AF02DA /* UIColor+Extensions.swift */ = {isa = PBXFileReference; lastKnownFileType = sourcecode.swift; path = "UIColor+Extensions.swift"; sourceTree = "<group>"; };
		A2D640B42634743500AF02DA /* String+Extensions.swift */ = {isa = PBXFileReference; lastKnownFileType = sourcecode.swift; path = "String+Extensions.swift"; sourceTree = "<group>"; };
		B89DEF899C75085CC9CBBADF /* Pods_proj_DODTests.framework */ = {isa = PBXFileReference; explicitFileType = wrapper.framework; includeInIndex = 0; path = Pods_proj_DODTests.framework; sourceTree = BUILT_PRODUCTS_DIR; };
		C23BBB3CF9998E26B35A7E84 /* Pods-proj_DOD-proj_DODUITests.release.xcconfig */ = {isa = PBXFileReference; includeInIndex = 1; lastKnownFileType = text.xcconfig; name = "Pods-proj_DOD-proj_DODUITests.release.xcconfig"; path = "Target Support Files/Pods-proj_DOD-proj_DODUITests/Pods-proj_DOD-proj_DODUITests.release.xcconfig"; sourceTree = "<group>"; };
		C604605F8118A57BF355D36E /* Pods-proj_DODTests.release.xcconfig */ = {isa = PBXFileReference; includeInIndex = 1; lastKnownFileType = text.xcconfig; name = "Pods-proj_DODTests.release.xcconfig"; path = "Target Support Files/Pods-proj_DODTests/Pods-proj_DODTests.release.xcconfig"; sourceTree = "<group>"; };
		D26EAC11E85AE7091AEB3141 /* Pods-proj_DODTests.debug.xcconfig */ = {isa = PBXFileReference; includeInIndex = 1; lastKnownFileType = text.xcconfig; name = "Pods-proj_DODTests.debug.xcconfig"; path = "Target Support Files/Pods-proj_DODTests/Pods-proj_DODTests.debug.xcconfig"; sourceTree = "<group>"; };
		F02C986160EECB9E68D9C51E /* Pods-proj_DOD-proj_DODUITests.debug.xcconfig */ = {isa = PBXFileReference; includeInIndex = 1; lastKnownFileType = text.xcconfig; name = "Pods-proj_DOD-proj_DODUITests.debug.xcconfig"; path = "Target Support Files/Pods-proj_DOD-proj_DODUITests/Pods-proj_DOD-proj_DODUITests.debug.xcconfig"; sourceTree = "<group>"; };
/* End PBXFileReference section */

/* Begin PBXFrameworksBuildPhase section */
		936C7231261B5D07006870CE /* Frameworks */ = {
			isa = PBXFrameworksBuildPhase;
			buildActionMask = 2147483647;
			files = (
				34D33518185655117E9448A4 /* Pods_proj_DOD.framework in Frameworks */,
			);
			runOnlyForDeploymentPostprocessing = 0;
		};
		936C7247261B5D08006870CE /* Frameworks */ = {
			isa = PBXFrameworksBuildPhase;
			buildActionMask = 2147483647;
			files = (
				6103580CEE31D02E23EE2D03 /* Pods_proj_DODTests.framework in Frameworks */,
			);
			runOnlyForDeploymentPostprocessing = 0;
		};
		936C7252261B5D08006870CE /* Frameworks */ = {
			isa = PBXFrameworksBuildPhase;
			buildActionMask = 2147483647;
			files = (
				276E5B3FCAE6828F1F2684C7 /* Pods_proj_DOD_proj_DODUITests.framework in Frameworks */,
			);
			runOnlyForDeploymentPostprocessing = 0;
		};
/* End PBXFrameworksBuildPhase section */

/* Begin PBXGroup section */
		936C722B261B5D07006870CE = {
			isa = PBXGroup;
			children = (
				936C7236261B5D07006870CE /* proj_DOD */,
				936C724D261B5D08006870CE /* proj_DODTests */,
				936C7258261B5D08006870CE /* proj_DODUITests */,
				936C7235261B5D07006870CE /* Products */,
				B64E6F20A76281D261007624 /* Pods */,
				BC22D36F8BF92CCF6332EC8A /* Frameworks */,
			);
			sourceTree = "<group>";
		};
		936C7235261B5D07006870CE /* Products */ = {
			isa = PBXGroup;
			children = (
				936C7234261B5D07006870CE /* proj_DOD.app */,
				936C724A261B5D08006870CE /* proj_DODTests.xctest */,
				936C7255261B5D08006870CE /* proj_DODUITests.xctest */,
			);
			name = Products;
			sourceTree = "<group>";
		};
		936C7236261B5D07006870CE /* proj_DOD */ = {
			isa = PBXGroup;
			children = (
				A244E8A9262DC7E100E76562 /* Global */,
				A2BFFB1D262C984400449D39 /* Scene */,
				936C7274261B5E64006870CE /* API */,
				936C7273261B5E59006870CE /* Utils */,
				936C726F261B5E0B006870CE /* Model */,
				936C726E261B5E07006870CE /* ViewModel */,
				936C726D261B5E03006870CE /* View */,
				936C7245261B5D08006870CE /* Info.plist */,
			);
			path = proj_DOD;
			sourceTree = "<group>";
		};
		936C724D261B5D08006870CE /* proj_DODTests */ = {
			isa = PBXGroup;
			children = (
				936C724E261B5D08006870CE /* proj_DODTests.swift */,
				936C7250261B5D08006870CE /* Info.plist */,
			);
			path = proj_DODTests;
			sourceTree = "<group>";
		};
		936C7258261B5D08006870CE /* proj_DODUITests */ = {
			isa = PBXGroup;
			children = (
				936C7259261B5D08006870CE /* proj_DODUITests.swift */,
				936C725B261B5D08006870CE /* Info.plist */,
			);
			path = proj_DODUITests;
			sourceTree = "<group>";
		};
		936C726D261B5E03006870CE /* View */ = {
			isa = PBXGroup;
			children = (
				936C723B261B5D07006870CE /* ViewController.swift */,
			);
			path = View;
			sourceTree = "<group>";
		};
		936C726E261B5E07006870CE /* ViewModel */ = {
			isa = PBXGroup;
			children = (
				936C727A261B5EC0006870CE /* ViewModel.swift */,
			);
			path = ViewModel;
			sourceTree = "<group>";
		};
		936C726F261B5E0B006870CE /* Model */ = {
			isa = PBXGroup;
			children = (
				936C7275261B5EB2006870CE /* Model.swift */,
			);
			path = Model;
			sourceTree = "<group>";
		};
		936C7273261B5E59006870CE /* Utils */ = {
			isa = PBXGroup;
			children = (
				936C723D261B5D07006870CE /* Main.storyboard */,
				936C7240261B5D08006870CE /* Assets.xcassets */,
				936C7237261B5D07006870CE /* AppDelegate.swift */,
				936C7239261B5D07006870CE /* SceneDelegate.swift */,
				936C7242261B5D08006870CE /* LaunchScreen.storyboard */,
				A2D640AA2634637500AF02DA /* Color.xcassets */,
			);
			path = Utils;
			sourceTree = "<group>";
		};
		936C7274261B5E64006870CE /* API */ = {
			isa = PBXGroup;
			children = (
				936C727F261B5ED1006870CE /* APIManager.swift */,
				A2B47BE92625E2FD002CFE4D /* Config.swift */,
				A2B47BF12625E322002CFE4D /* HttpMethod.swift */,
				A2B47BF62625EBB3002CFE4D /* Resource.swift */,
				A2B47BFB2625EEC5002CFE4D /* URLSession+Extension.swift */,
				A2B47C002625EFCE002CFE4D /* NetworkResult.swift */,
			);
			path = API;
			sourceTree = "<group>";
		};
		A244E8A9262DC7E100E76562 /* Global */ = {
			isa = PBXGroup;
			children = (
				A29611642622CA36003D9622 /* Extensions */,
				A244E8AA262DC7F600E76562 /* Protocols */,
			);
			path = Global;
			sourceTree = "<group>";
		};
		A244E8AA262DC7F600E76562 /* Protocols */ = {
			isa = PBXGroup;
			children = (
				A244E8AB262DC80800E76562 /* ViewModelType.swift */,
			);
			path = Protocols;
			sourceTree = "<group>";
		};
		A29611642622CA36003D9622 /* Extensions */ = {
			isa = PBXGroup;
			children = (
				A29611652622CA7F003D9622 /* UIView+Extensions.swift */,
				A296116A2622CAA8003D9622 /* UIViewController+Extensions.swift */,
				A296116F2622CB02003D9622 /* UITextField+Extensions.swift */,
				A29611742622CB35003D9622 /* UIFont+Extensions.swift */,
				A2D640AF2634665D00AF02DA /* UIColor+Extensions.swift */,
				A2D640B42634743500AF02DA /* String+Extensions.swift */,
			);
			path = Extensions;
			sourceTree = "<group>";
		};
		A2BFFB1D262C984400449D39 /* Scene */ = {
			isa = PBXGroup;
			children = (
				A2BFFB1E262C984900449D39 /* LoginScene */,
			);
			path = Scene;
			sourceTree = "<group>";
		};
		A2BFFB1E262C984900449D39 /* LoginScene */ = {
			isa = PBXGroup;
			children = (
				A2BFFB1F262C988400449D39 /* LoginViewController.swift */,
				A244E8B0262DC84B00E76562 /* LoginViewModel.swift */,
			);
			path = LoginScene;
			sourceTree = "<group>";
		};
		B64E6F20A76281D261007624 /* Pods */ = {
			isa = PBXGroup;
			children = (
				11D2E5FFC429BB9EAE5D3DD4 /* Pods-proj_DOD.debug.xcconfig */,
				93C3A787C4DCE393CE89BBC6 /* Pods-proj_DOD.release.xcconfig */,
				F02C986160EECB9E68D9C51E /* Pods-proj_DOD-proj_DODUITests.debug.xcconfig */,
				C23BBB3CF9998E26B35A7E84 /* Pods-proj_DOD-proj_DODUITests.release.xcconfig */,
				D26EAC11E85AE7091AEB3141 /* Pods-proj_DODTests.debug.xcconfig */,
				C604605F8118A57BF355D36E /* Pods-proj_DODTests.release.xcconfig */,
			);
			path = Pods;
			sourceTree = "<group>";
		};
		BC22D36F8BF92CCF6332EC8A /* Frameworks */ = {
			isa = PBXGroup;
			children = (
				4E58CFB7A3CE5213EF03FCAA /* Pods_proj_DOD.framework */,
				8C7A7AC9DDFE60DFBCDBD074 /* Pods_proj_DOD_proj_DODUITests.framework */,
				B89DEF899C75085CC9CBBADF /* Pods_proj_DODTests.framework */,
			);
			name = Frameworks;
			sourceTree = "<group>";
		};
/* End PBXGroup section */

/* Begin PBXNativeTarget section */
		936C7233261B5D07006870CE /* proj_DOD */ = {
			isa = PBXNativeTarget;
			buildConfigurationList = 936C725E261B5D08006870CE /* Build configuration list for PBXNativeTarget "proj_DOD" */;
			buildPhases = (
				21ADB473BA9FF4DA9CFBA7BB /* [CP] Check Pods Manifest.lock */,
				936C7230261B5D07006870CE /* Sources */,
				936C7231261B5D07006870CE /* Frameworks */,
				936C7232261B5D07006870CE /* Resources */,
				787A293621225F9A872EF5FA /* [CP] Embed Pods Frameworks */,
			);
			buildRules = (
			);
			dependencies = (
			);
			name = proj_DOD;
			productName = proj_DOD;
			productReference = 936C7234261B5D07006870CE /* proj_DOD.app */;
			productType = "com.apple.product-type.application";
		};
		936C7249261B5D08006870CE /* proj_DODTests */ = {
			isa = PBXNativeTarget;
			buildConfigurationList = 936C7261261B5D08006870CE /* Build configuration list for PBXNativeTarget "proj_DODTests" */;
			buildPhases = (
				8C36EC001291EFA56B1ED471 /* [CP] Check Pods Manifest.lock */,
				936C7246261B5D08006870CE /* Sources */,
				936C7247261B5D08006870CE /* Frameworks */,
				936C7248261B5D08006870CE /* Resources */,
			);
			buildRules = (
			);
			dependencies = (
				936C724C261B5D08006870CE /* PBXTargetDependency */,
			);
			name = proj_DODTests;
			productName = proj_DODTests;
			productReference = 936C724A261B5D08006870CE /* proj_DODTests.xctest */;
			productType = "com.apple.product-type.bundle.unit-test";
		};
		936C7254261B5D08006870CE /* proj_DODUITests */ = {
			isa = PBXNativeTarget;
			buildConfigurationList = 936C7264261B5D08006870CE /* Build configuration list for PBXNativeTarget "proj_DODUITests" */;
			buildPhases = (
				63641F9BDAC4A894B743A9E4 /* [CP] Check Pods Manifest.lock */,
				936C7251261B5D08006870CE /* Sources */,
				936C7252261B5D08006870CE /* Frameworks */,
				936C7253261B5D08006870CE /* Resources */,
				1AA347FEDFE9DD08202526EC /* [CP] Embed Pods Frameworks */,
			);
			buildRules = (
			);
			dependencies = (
				936C7257261B5D08006870CE /* PBXTargetDependency */,
			);
			name = proj_DODUITests;
			productName = proj_DODUITests;
			productReference = 936C7255261B5D08006870CE /* proj_DODUITests.xctest */;
			productType = "com.apple.product-type.bundle.ui-testing";
		};
/* End PBXNativeTarget section */

/* Begin PBXProject section */
		936C722C261B5D07006870CE /* Project object */ = {
			isa = PBXProject;
			attributes = {
				LastSwiftUpdateCheck = 1240;
				LastUpgradeCheck = 1240;
				TargetAttributes = {
					936C7233261B5D07006870CE = {
						CreatedOnToolsVersion = 12.4;
					};
					936C7249261B5D08006870CE = {
						CreatedOnToolsVersion = 12.4;
						TestTargetID = 936C7233261B5D07006870CE;
					};
					936C7254261B5D08006870CE = {
						CreatedOnToolsVersion = 12.4;
						TestTargetID = 936C7233261B5D07006870CE;
					};
				};
			};
			buildConfigurationList = 936C722F261B5D07006870CE /* Build configuration list for PBXProject "proj_DOD" */;
			compatibilityVersion = "Xcode 9.3";
			developmentRegion = en;
			hasScannedForEncodings = 0;
			knownRegions = (
				en,
				Base,
			);
			mainGroup = 936C722B261B5D07006870CE;
			productRefGroup = 936C7235261B5D07006870CE /* Products */;
			projectDirPath = "";
			projectRoot = "";
			targets = (
				936C7233261B5D07006870CE /* proj_DOD */,
				936C7249261B5D08006870CE /* proj_DODTests */,
				936C7254261B5D08006870CE /* proj_DODUITests */,
			);
		};
/* End PBXProject section */

/* Begin PBXResourcesBuildPhase section */
		936C7232261B5D07006870CE /* Resources */ = {
			isa = PBXResourcesBuildPhase;
			buildActionMask = 2147483647;
			files = (
				936C7244261B5D08006870CE /* LaunchScreen.storyboard in Resources */,
				A2D640AB2634637500AF02DA /* Color.xcassets in Resources */,
				936C7241261B5D08006870CE /* Assets.xcassets in Resources */,
				936C723F261B5D07006870CE /* Main.storyboard in Resources */,
			);
			runOnlyForDeploymentPostprocessing = 0;
		};
		936C7248261B5D08006870CE /* Resources */ = {
			isa = PBXResourcesBuildPhase;
			buildActionMask = 2147483647;
			files = (
			);
			runOnlyForDeploymentPostprocessing = 0;
		};
		936C7253261B5D08006870CE /* Resources */ = {
			isa = PBXResourcesBuildPhase;
			buildActionMask = 2147483647;
			files = (
			);
			runOnlyForDeploymentPostprocessing = 0;
		};
/* End PBXResourcesBuildPhase section */

/* Begin PBXShellScriptBuildPhase section */
		1AA347FEDFE9DD08202526EC /* [CP] Embed Pods Frameworks */ = {
			isa = PBXShellScriptBuildPhase;
			buildActionMask = 2147483647;
			files = (
			);
			inputFileListPaths = (
				"${PODS_ROOT}/Target Support Files/Pods-proj_DOD-proj_DODUITests/Pods-proj_DOD-proj_DODUITests-frameworks-${CONFIGURATION}-input-files.xcfilelist",
			);
			name = "[CP] Embed Pods Frameworks";
			outputFileListPaths = (
				"${PODS_ROOT}/Target Support Files/Pods-proj_DOD-proj_DODUITests/Pods-proj_DOD-proj_DODUITests-frameworks-${CONFIGURATION}-output-files.xcfilelist",
			);
			runOnlyForDeploymentPostprocessing = 0;
			shellPath = /bin/sh;
			shellScript = "\"${PODS_ROOT}/Target Support Files/Pods-proj_DOD-proj_DODUITests/Pods-proj_DOD-proj_DODUITests-frameworks.sh\"\n";
			showEnvVarsInLog = 0;
		};
		21ADB473BA9FF4DA9CFBA7BB /* [CP] Check Pods Manifest.lock */ = {
			isa = PBXShellScriptBuildPhase;
			buildActionMask = 2147483647;
			files = (
			);
			inputFileListPaths = (
			);
			inputPaths = (
				"${PODS_PODFILE_DIR_PATH}/Podfile.lock",
				"${PODS_ROOT}/Manifest.lock",
			);
			name = "[CP] Check Pods Manifest.lock";
			outputFileListPaths = (
			);
			outputPaths = (
				"$(DERIVED_FILE_DIR)/Pods-proj_DOD-checkManifestLockResult.txt",
			);
			runOnlyForDeploymentPostprocessing = 0;
			shellPath = /bin/sh;
			shellScript = "diff \"${PODS_PODFILE_DIR_PATH}/Podfile.lock\" \"${PODS_ROOT}/Manifest.lock\" > /dev/null\nif [ $? != 0 ] ; then\n    # print error to STDERR\n    echo \"error: The sandbox is not in sync with the Podfile.lock. Run 'pod install' or update your CocoaPods installation.\" >&2\n    exit 1\nfi\n# This output is used by Xcode 'outputs' to avoid re-running this script phase.\necho \"SUCCESS\" > \"${SCRIPT_OUTPUT_FILE_0}\"\n";
			showEnvVarsInLog = 0;
		};
		63641F9BDAC4A894B743A9E4 /* [CP] Check Pods Manifest.lock */ = {
			isa = PBXShellScriptBuildPhase;
			buildActionMask = 2147483647;
			files = (
			);
			inputFileListPaths = (
			);
			inputPaths = (
				"${PODS_PODFILE_DIR_PATH}/Podfile.lock",
				"${PODS_ROOT}/Manifest.lock",
			);
			name = "[CP] Check Pods Manifest.lock";
			outputFileListPaths = (
			);
			outputPaths = (
				"$(DERIVED_FILE_DIR)/Pods-proj_DOD-proj_DODUITests-checkManifestLockResult.txt",
			);
			runOnlyForDeploymentPostprocessing = 0;
			shellPath = /bin/sh;
			shellScript = "diff \"${PODS_PODFILE_DIR_PATH}/Podfile.lock\" \"${PODS_ROOT}/Manifest.lock\" > /dev/null\nif [ $? != 0 ] ; then\n    # print error to STDERR\n    echo \"error: The sandbox is not in sync with the Podfile.lock. Run 'pod install' or update your CocoaPods installation.\" >&2\n    exit 1\nfi\n# This output is used by Xcode 'outputs' to avoid re-running this script phase.\necho \"SUCCESS\" > \"${SCRIPT_OUTPUT_FILE_0}\"\n";
			showEnvVarsInLog = 0;
		};
		787A293621225F9A872EF5FA /* [CP] Embed Pods Frameworks */ = {
			isa = PBXShellScriptBuildPhase;
			buildActionMask = 2147483647;
			files = (
			);
			inputFileListPaths = (
				"${PODS_ROOT}/Target Support Files/Pods-proj_DOD/Pods-proj_DOD-frameworks-${CONFIGURATION}-input-files.xcfilelist",
			);
			name = "[CP] Embed Pods Frameworks";
			outputFileListPaths = (
				"${PODS_ROOT}/Target Support Files/Pods-proj_DOD/Pods-proj_DOD-frameworks-${CONFIGURATION}-output-files.xcfilelist",
			);
			runOnlyForDeploymentPostprocessing = 0;
			shellPath = /bin/sh;
			shellScript = "\"${PODS_ROOT}/Target Support Files/Pods-proj_DOD/Pods-proj_DOD-frameworks.sh\"\n";
			showEnvVarsInLog = 0;
		};
		8C36EC001291EFA56B1ED471 /* [CP] Check Pods Manifest.lock */ = {
			isa = PBXShellScriptBuildPhase;
			buildActionMask = 2147483647;
			files = (
			);
			inputFileListPaths = (
			);
			inputPaths = (
				"${PODS_PODFILE_DIR_PATH}/Podfile.lock",
				"${PODS_ROOT}/Manifest.lock",
			);
			name = "[CP] Check Pods Manifest.lock";
			outputFileListPaths = (
			);
			outputPaths = (
				"$(DERIVED_FILE_DIR)/Pods-proj_DODTests-checkManifestLockResult.txt",
			);
			runOnlyForDeploymentPostprocessing = 0;
			shellPath = /bin/sh;
			shellScript = "diff \"${PODS_PODFILE_DIR_PATH}/Podfile.lock\" \"${PODS_ROOT}/Manifest.lock\" > /dev/null\nif [ $? != 0 ] ; then\n    # print error to STDERR\n    echo \"error: The sandbox is not in sync with the Podfile.lock. Run 'pod install' or update your CocoaPods installation.\" >&2\n    exit 1\nfi\n# This output is used by Xcode 'outputs' to avoid re-running this script phase.\necho \"SUCCESS\" > \"${SCRIPT_OUTPUT_FILE_0}\"\n";
			showEnvVarsInLog = 0;
		};
/* End PBXShellScriptBuildPhase section */

/* Begin PBXSourcesBuildPhase section */
		936C7230261B5D07006870CE /* Sources */ = {
			isa = PBXSourcesBuildPhase;
			buildActionMask = 2147483647;
			files = (
				A2D640B52634743500AF02DA /* String+Extensions.swift in Sources */,
				A2B47BF72625EBB3002CFE4D /* Resource.swift in Sources */,
				A29611662622CA7F003D9622 /* UIView+Extensions.swift in Sources */,
				A2B47BFC2625EEC5002CFE4D /* URLSession+Extension.swift in Sources */,
				936C727B261B5EC0006870CE /* ViewModel.swift in Sources */,
				936C723C261B5D07006870CE /* ViewController.swift in Sources */,
				936C7238261B5D07006870CE /* AppDelegate.swift in Sources */,
				A2B47C012625EFCE002CFE4D /* NetworkResult.swift in Sources */,
				A2B47BF22625E322002CFE4D /* HttpMethod.swift in Sources */,
				A244E8B1262DC84B00E76562 /* LoginViewModel.swift in Sources */,
				A2B47BEA2625E2FD002CFE4D /* Config.swift in Sources */,
				A2D640B02634665D00AF02DA /* UIColor+Extensions.swift in Sources */,
				A296116B2622CAA8003D9622 /* UIViewController+Extensions.swift in Sources */,
				A244E8AC262DC80800E76562 /* ViewModelType.swift in Sources */,
				936C723A261B5D07006870CE /* SceneDelegate.swift in Sources */,
				A29611702622CB02003D9622 /* UITextField+Extensions.swift in Sources */,
				A2BFFB20262C988400449D39 /* LoginViewController.swift in Sources */,
				936C7280261B5ED1006870CE /* APIManager.swift in Sources */,
				A29611752622CB35003D9622 /* UIFont+Extensions.swift in Sources */,
				936C7276261B5EB2006870CE /* Model.swift in Sources */,
			);
			runOnlyForDeploymentPostprocessing = 0;
		};
		936C7246261B5D08006870CE /* Sources */ = {
			isa = PBXSourcesBuildPhase;
			buildActionMask = 2147483647;
			files = (
				936C724F261B5D08006870CE /* proj_DODTests.swift in Sources */,
			);
			runOnlyForDeploymentPostprocessing = 0;
		};
		936C7251261B5D08006870CE /* Sources */ = {
			isa = PBXSourcesBuildPhase;
			buildActionMask = 2147483647;
			files = (
				936C725A261B5D08006870CE /* proj_DODUITests.swift in Sources */,
			);
			runOnlyForDeploymentPostprocessing = 0;
		};
/* End PBXSourcesBuildPhase section */

/* Begin PBXTargetDependency section */
		936C724C261B5D08006870CE /* PBXTargetDependency */ = {
			isa = PBXTargetDependency;
			target = 936C7233261B5D07006870CE /* proj_DOD */;
			targetProxy = 936C724B261B5D08006870CE /* PBXContainerItemProxy */;
		};
		936C7257261B5D08006870CE /* PBXTargetDependency */ = {
			isa = PBXTargetDependency;
			target = 936C7233261B5D07006870CE /* proj_DOD */;
			targetProxy = 936C7256261B5D08006870CE /* PBXContainerItemProxy */;
		};
/* End PBXTargetDependency section */

/* Begin PBXVariantGroup section */
		936C723D261B5D07006870CE /* Main.storyboard */ = {
			isa = PBXVariantGroup;
			children = (
				936C723E261B5D07006870CE /* Base */,
			);
			name = Main.storyboard;
			sourceTree = "<group>";
		};
		936C7242261B5D08006870CE /* LaunchScreen.storyboard */ = {
			isa = PBXVariantGroup;
			children = (
				936C7243261B5D08006870CE /* Base */,
			);
			name = LaunchScreen.storyboard;
			sourceTree = "<group>";
		};
/* End PBXVariantGroup section */

/* Begin XCBuildConfiguration section */
		936C725C261B5D08006870CE /* Debug */ = {
			isa = XCBuildConfiguration;
			buildSettings = {
				ALWAYS_SEARCH_USER_PATHS = NO;
				CLANG_ANALYZER_NONNULL = YES;
				CLANG_ANALYZER_NUMBER_OBJECT_CONVERSION = YES_AGGRESSIVE;
				CLANG_CXX_LANGUAGE_STANDARD = "gnu++14";
				CLANG_CXX_LIBRARY = "libc++";
				CLANG_ENABLE_MODULES = YES;
				CLANG_ENABLE_OBJC_ARC = YES;
				CLANG_ENABLE_OBJC_WEAK = YES;
				CLANG_WARN_BLOCK_CAPTURE_AUTORELEASING = YES;
				CLANG_WARN_BOOL_CONVERSION = YES;
				CLANG_WARN_COMMA = YES;
				CLANG_WARN_CONSTANT_CONVERSION = YES;
				CLANG_WARN_DEPRECATED_OBJC_IMPLEMENTATIONS = YES;
				CLANG_WARN_DIRECT_OBJC_ISA_USAGE = YES_ERROR;
				CLANG_WARN_DOCUMENTATION_COMMENTS = YES;
				CLANG_WARN_EMPTY_BODY = YES;
				CLANG_WARN_ENUM_CONVERSION = YES;
				CLANG_WARN_INFINITE_RECURSION = YES;
				CLANG_WARN_INT_CONVERSION = YES;
				CLANG_WARN_NON_LITERAL_NULL_CONVERSION = YES;
				CLANG_WARN_OBJC_IMPLICIT_RETAIN_SELF = YES;
				CLANG_WARN_OBJC_LITERAL_CONVERSION = YES;
				CLANG_WARN_OBJC_ROOT_CLASS = YES_ERROR;
				CLANG_WARN_QUOTED_INCLUDE_IN_FRAMEWORK_HEADER = YES;
				CLANG_WARN_RANGE_LOOP_ANALYSIS = YES;
				CLANG_WARN_STRICT_PROTOTYPES = YES;
				CLANG_WARN_SUSPICIOUS_MOVE = YES;
				CLANG_WARN_UNGUARDED_AVAILABILITY = YES_AGGRESSIVE;
				CLANG_WARN_UNREACHABLE_CODE = YES;
				CLANG_WARN__DUPLICATE_METHOD_MATCH = YES;
				COPY_PHASE_STRIP = NO;
				DEBUG_INFORMATION_FORMAT = dwarf;
				ENABLE_STRICT_OBJC_MSGSEND = YES;
				ENABLE_TESTABILITY = YES;
				GCC_C_LANGUAGE_STANDARD = gnu11;
				GCC_DYNAMIC_NO_PIC = NO;
				GCC_NO_COMMON_BLOCKS = YES;
				GCC_OPTIMIZATION_LEVEL = 0;
				GCC_PREPROCESSOR_DEFINITIONS = (
					"DEBUG=1",
					"$(inherited)",
				);
				GCC_WARN_64_TO_32_BIT_CONVERSION = YES;
				GCC_WARN_ABOUT_RETURN_TYPE = YES_ERROR;
				GCC_WARN_UNDECLARED_SELECTOR = YES;
				GCC_WARN_UNINITIALIZED_AUTOS = YES_AGGRESSIVE;
				GCC_WARN_UNUSED_FUNCTION = YES;
				GCC_WARN_UNUSED_VARIABLE = YES;
				IPHONEOS_DEPLOYMENT_TARGET = 14.4;
				MTL_ENABLE_DEBUG_INFO = INCLUDE_SOURCE;
				MTL_FAST_MATH = YES;
				ONLY_ACTIVE_ARCH = YES;
				SDKROOT = iphoneos;
				SWIFT_ACTIVE_COMPILATION_CONDITIONS = DEBUG;
				SWIFT_OPTIMIZATION_LEVEL = "-Onone";
			};
			name = Debug;
		};
		936C725D261B5D08006870CE /* Release */ = {
			isa = XCBuildConfiguration;
			buildSettings = {
				ALWAYS_SEARCH_USER_PATHS = NO;
				CLANG_ANALYZER_NONNULL = YES;
				CLANG_ANALYZER_NUMBER_OBJECT_CONVERSION = YES_AGGRESSIVE;
				CLANG_CXX_LANGUAGE_STANDARD = "gnu++14";
				CLANG_CXX_LIBRARY = "libc++";
				CLANG_ENABLE_MODULES = YES;
				CLANG_ENABLE_OBJC_ARC = YES;
				CLANG_ENABLE_OBJC_WEAK = YES;
				CLANG_WARN_BLOCK_CAPTURE_AUTORELEASING = YES;
				CLANG_WARN_BOOL_CONVERSION = YES;
				CLANG_WARN_COMMA = YES;
				CLANG_WARN_CONSTANT_CONVERSION = YES;
				CLANG_WARN_DEPRECATED_OBJC_IMPLEMENTATIONS = YES;
				CLANG_WARN_DIRECT_OBJC_ISA_USAGE = YES_ERROR;
				CLANG_WARN_DOCUMENTATION_COMMENTS = YES;
				CLANG_WARN_EMPTY_BODY = YES;
				CLANG_WARN_ENUM_CONVERSION = YES;
				CLANG_WARN_INFINITE_RECURSION = YES;
				CLANG_WARN_INT_CONVERSION = YES;
				CLANG_WARN_NON_LITERAL_NULL_CONVERSION = YES;
				CLANG_WARN_OBJC_IMPLICIT_RETAIN_SELF = YES;
				CLANG_WARN_OBJC_LITERAL_CONVERSION = YES;
				CLANG_WARN_OBJC_ROOT_CLASS = YES_ERROR;
				CLANG_WARN_QUOTED_INCLUDE_IN_FRAMEWORK_HEADER = YES;
				CLANG_WARN_RANGE_LOOP_ANALYSIS = YES;
				CLANG_WARN_STRICT_PROTOTYPES = YES;
				CLANG_WARN_SUSPICIOUS_MOVE = YES;
				CLANG_WARN_UNGUARDED_AVAILABILITY = YES_AGGRESSIVE;
				CLANG_WARN_UNREACHABLE_CODE = YES;
				CLANG_WARN__DUPLICATE_METHOD_MATCH = YES;
				COPY_PHASE_STRIP = NO;
				DEBUG_INFORMATION_FORMAT = "dwarf-with-dsym";
				ENABLE_NS_ASSERTIONS = NO;
				ENABLE_STRICT_OBJC_MSGSEND = YES;
				GCC_C_LANGUAGE_STANDARD = gnu11;
				GCC_NO_COMMON_BLOCKS = YES;
				GCC_WARN_64_TO_32_BIT_CONVERSION = YES;
				GCC_WARN_ABOUT_RETURN_TYPE = YES_ERROR;
				GCC_WARN_UNDECLARED_SELECTOR = YES;
				GCC_WARN_UNINITIALIZED_AUTOS = YES_AGGRESSIVE;
				GCC_WARN_UNUSED_FUNCTION = YES;
				GCC_WARN_UNUSED_VARIABLE = YES;
				IPHONEOS_DEPLOYMENT_TARGET = 14.4;
				MTL_ENABLE_DEBUG_INFO = NO;
				MTL_FAST_MATH = YES;
				SDKROOT = iphoneos;
				SWIFT_COMPILATION_MODE = wholemodule;
				SWIFT_OPTIMIZATION_LEVEL = "-O";
				VALIDATE_PRODUCT = YES;
			};
			name = Release;
		};
		936C725F261B5D08006870CE /* Debug */ = {
			isa = XCBuildConfiguration;
			baseConfigurationReference = 11D2E5FFC429BB9EAE5D3DD4 /* Pods-proj_DOD.debug.xcconfig */;
			buildSettings = {
				ASSETCATALOG_COMPILER_APPICON_NAME = AppIcon;
				ASSETCATALOG_COMPILER_GLOBAL_ACCENT_COLOR_NAME = AccentColor;
				CODE_SIGN_STYLE = Automatic;
				DEVELOPMENT_TEAM = HAWSBW2KW5;
				INFOPLIST_FILE = proj_DOD/Info.plist;
				LD_RUNPATH_SEARCH_PATHS = (
					"$(inherited)",
					"@executable_path/Frameworks",
				);
				PRODUCT_BUNDLE_IDENTIFIER = "com.92crew.proj-DOD";
				PRODUCT_NAME = "$(TARGET_NAME)";
				SWIFT_VERSION = 5.0;
				TARGETED_DEVICE_FAMILY = "1,2";
			};
			name = Debug;
		};
		936C7260261B5D08006870CE /* Release */ = {
			isa = XCBuildConfiguration;
			baseConfigurationReference = 93C3A787C4DCE393CE89BBC6 /* Pods-proj_DOD.release.xcconfig */;
			buildSettings = {
				ASSETCATALOG_COMPILER_APPICON_NAME = AppIcon;
				ASSETCATALOG_COMPILER_GLOBAL_ACCENT_COLOR_NAME = AccentColor;
				CODE_SIGN_STYLE = Automatic;
				DEVELOPMENT_TEAM = HAWSBW2KW5;
				INFOPLIST_FILE = proj_DOD/Info.plist;
				LD_RUNPATH_SEARCH_PATHS = (
					"$(inherited)",
					"@executable_path/Frameworks",
				);
				PRODUCT_BUNDLE_IDENTIFIER = "com.92crew.proj-DOD";
				PRODUCT_NAME = "$(TARGET_NAME)";
				SWIFT_VERSION = 5.0;
				TARGETED_DEVICE_FAMILY = "1,2";
			};
			name = Release;
		};
		936C7262261B5D08006870CE /* Debug */ = {
			isa = XCBuildConfiguration;
			baseConfigurationReference = D26EAC11E85AE7091AEB3141 /* Pods-proj_DODTests.debug.xcconfig */;
			buildSettings = {
				ALWAYS_EMBED_SWIFT_STANDARD_LIBRARIES = YES;
				BUNDLE_LOADER = "$(TEST_HOST)";
				CODE_SIGN_STYLE = Automatic;
				INFOPLIST_FILE = proj_DODTests/Info.plist;
				IPHONEOS_DEPLOYMENT_TARGET = 14.4;
				LD_RUNPATH_SEARCH_PATHS = (
					"$(inherited)",
					"@executable_path/Frameworks",
					"@loader_path/Frameworks",
				);
				PRODUCT_BUNDLE_IDENTIFIER = "com.92crew.proj-DODTests";
				PRODUCT_NAME = "$(TARGET_NAME)";
				SWIFT_VERSION = 5.0;
				TARGETED_DEVICE_FAMILY = "1,2";
				TEST_HOST = "$(BUILT_PRODUCTS_DIR)/proj_DOD.app/proj_DOD";
			};
			name = Debug;
		};
		936C7263261B5D08006870CE /* Release */ = {
			isa = XCBuildConfiguration;
			baseConfigurationReference = C604605F8118A57BF355D36E /* Pods-proj_DODTests.release.xcconfig */;
			buildSettings = {
				ALWAYS_EMBED_SWIFT_STANDARD_LIBRARIES = YES;
				BUNDLE_LOADER = "$(TEST_HOST)";
				CODE_SIGN_STYLE = Automatic;
				INFOPLIST_FILE = proj_DODTests/Info.plist;
				IPHONEOS_DEPLOYMENT_TARGET = 14.4;
				LD_RUNPATH_SEARCH_PATHS = (
					"$(inherited)",
					"@executable_path/Frameworks",
					"@loader_path/Frameworks",
				);
				PRODUCT_BUNDLE_IDENTIFIER = "com.92crew.proj-DODTests";
				PRODUCT_NAME = "$(TARGET_NAME)";
				SWIFT_VERSION = 5.0;
				TARGETED_DEVICE_FAMILY = "1,2";
				TEST_HOST = "$(BUILT_PRODUCTS_DIR)/proj_DOD.app/proj_DOD";
			};
			name = Release;
		};
		936C7265261B5D08006870CE /* Debug */ = {
			isa = XCBuildConfiguration;
			baseConfigurationReference = F02C986160EECB9E68D9C51E /* Pods-proj_DOD-proj_DODUITests.debug.xcconfig */;
			buildSettings = {
				ALWAYS_EMBED_SWIFT_STANDARD_LIBRARIES = YES;
				CODE_SIGN_STYLE = Automatic;
				INFOPLIST_FILE = proj_DODUITests/Info.plist;
				LD_RUNPATH_SEARCH_PATHS = (
					"$(inherited)",
					"@executable_path/Frameworks",
					"@loader_path/Frameworks",
				);
				PRODUCT_BUNDLE_IDENTIFIER = "com.92crew.proj-DODUITests";
				PRODUCT_NAME = "$(TARGET_NAME)";
				SWIFT_VERSION = 5.0;
				TARGETED_DEVICE_FAMILY = "1,2";
				TEST_TARGET_NAME = proj_DOD;
			};
			name = Debug;
		};
		936C7266261B5D08006870CE /* Release */ = {
			isa = XCBuildConfiguration;
			baseConfigurationReference = C23BBB3CF9998E26B35A7E84 /* Pods-proj_DOD-proj_DODUITests.release.xcconfig */;
			buildSettings = {
				ALWAYS_EMBED_SWIFT_STANDARD_LIBRARIES = YES;
				CODE_SIGN_STYLE = Automatic;
				INFOPLIST_FILE = proj_DODUITests/Info.plist;
				LD_RUNPATH_SEARCH_PATHS = (
					"$(inherited)",
					"@executable_path/Frameworks",
					"@loader_path/Frameworks",
				);
				PRODUCT_BUNDLE_IDENTIFIER = "com.92crew.proj-DODUITests";
				PRODUCT_NAME = "$(TARGET_NAME)";
				SWIFT_VERSION = 5.0;
				TARGETED_DEVICE_FAMILY = "1,2";
				TEST_TARGET_NAME = proj_DOD;
			};
			name = Release;
		};
/* End XCBuildConfiguration section */

/* Begin XCConfigurationList section */
		936C722F261B5D07006870CE /* Build configuration list for PBXProject "proj_DOD" */ = {
			isa = XCConfigurationList;
			buildConfigurations = (
				936C725C261B5D08006870CE /* Debug */,
				936C725D261B5D08006870CE /* Release */,
			);
			defaultConfigurationIsVisible = 0;
			defaultConfigurationName = Release;
		};
		936C725E261B5D08006870CE /* Build configuration list for PBXNativeTarget "proj_DOD" */ = {
			isa = XCConfigurationList;
			buildConfigurations = (
				936C725F261B5D08006870CE /* Debug */,
				936C7260261B5D08006870CE /* Release */,
			);
			defaultConfigurationIsVisible = 0;
			defaultConfigurationName = Release;
		};
		936C7261261B5D08006870CE /* Build configuration list for PBXNativeTarget "proj_DODTests" */ = {
			isa = XCConfigurationList;
			buildConfigurations = (
				936C7262261B5D08006870CE /* Debug */,
				936C7263261B5D08006870CE /* Release */,
			);
			defaultConfigurationIsVisible = 0;
			defaultConfigurationName = Release;
		};
		936C7264261B5D08006870CE /* Build configuration list for PBXNativeTarget "proj_DODUITests" */ = {
			isa = XCConfigurationList;
			buildConfigurations = (
				936C7265261B5D08006870CE /* Debug */,
				936C7266261B5D08006870CE /* Release */,
			);
			defaultConfigurationIsVisible = 0;
			defaultConfigurationName = Release;
		};
/* End XCConfigurationList section */
	};
	rootObject = 936C722C261B5D07006870CE /* Project object */;
}
